<?xml version="1.0" encoding="utf-8"?>
<Project ToolsVersion="4.0" xmlns="http://schemas.microsoft.com/developer/msbuild/2003">
  <ItemGroup>
    <Filter Include="源文件">
      <UniqueIdentifier>{4FC737F1-C7A5-4376-A066-2A32D752A2FF}</UniqueIdentifier>
      <Extensions>cpp;c;cc;cxx;c++;cppm;ixx;def;odl;idl;hpj;bat;asm;asmx</Extensions>
    </Filter>
    <Filter Include="头文件">
      <UniqueIdentifier>{93995380-89BD-4b04-88EB-625FBE52EBFB}</UniqueIdentifier>
      <Extensions>h;hh;hpp;hxx;h++;hm;inl;inc;ipp;xsd</Extensions>
    </Filter>
    <Filter Include="资源文件">
      <UniqueIdentifier>{67DA6AB6-F800-4c08-8B7A-83BB121AAD01}</UniqueIdentifier>
      <Extensions>rc;ico;cur;bmp;dlg;rc2;rct;bin;rgs;gif;jpg;jpeg;jpe;resx;tiff;tif;png;wav;mfcribbon-ms</Extensions>
    </Filter>
    <Filter Include="登陆">
      <UniqueIdentifier>{205f565c-a607-4c06-90fa-476016e7e037}</UniqueIdentifier>
    </Filter>
    <Filter Include="公共函数">
      <UniqueIdentifier>{66ae2d53-8f75-436a-a918-70f9431aa3d9}</UniqueIdentifier>
    </Filter>
    <Filter Include="通讯录">
      <UniqueIdentifier>{556ad3f3-f328-420f-94b3-aea0f50f9c7a}</UniqueIdentifier>
    </Filter>
    <Filter Include="聊天记录">
      <UniqueIdentifier>{14a58701-5fa7-4363-98e4-00d46224fec5}</UniqueIdentifier>
    </Filter>
    <Filter Include="功能">
      <UniqueIdentifier>{03499fe8-2eb3-4814-98cc-4d0438add0b4}</UniqueIdentifier>
    </Filter>
  </ItemGroup>
  <ItemGroup>
    <ClInclude Include="framework.h">
      <Filter>头文件</Filter>
    </ClInclude>
    <ClInclude Include="pch.h">
      <Filter>头文件</Filter>
    </ClInclude>
    <ClInclude Include="resource.h">
      <Filter>头文件</Filter>
    </ClInclude>
    <ClInclude Include="Login.h">
      <Filter>登陆</Filter>
    </ClInclude>
    <ClInclude Include="Common.h">
      <Filter>公共函数</Filter>
    </ClInclude>
    <ClInclude Include="UserList.h">
      <Filter>通讯录</Filter>
    </ClInclude>
    <ClInclude Include="RecvMessage.h">
      <Filter>聊天记录</Filter>
    </ClInclude>
    <ClInclude Include="Function.h">
      <Filter>功能</Filter>
    </ClInclude>
  </ItemGroup>
  <ItemGroup>
    <ClCompile Include="dllmain.cpp">
      <Filter>源文件</Filter>
    </ClCompile>
    <ClCompile Include="pch.cpp">
      <Filter>源文件</Filter>
    </ClCompile>
    <ClCompile Include="Login.cpp">
      <Filter>登陆</Filter>
    </ClCompile>
    <ClCompile Include="Common.cpp">
      <Filter>公共函数</Filter>
    </ClCompile>
    <ClCompile Include="UserList.cpp">
      <Filter>通讯录</Filter>
    </ClCompile>
    <ClCompile Include="RecvMessage.cpp">
      <Filter>聊天记录</Filter>
    </ClCompile>
    <ClCompile Include="Function.cpp">
      <Filter>功能</Filter>
    </ClCompile>
  </ItemGroup>
  <ItemGroup>
    <ResourceCompile Include="WeChat.rc">
      <Filter>资源文件</Filter>
    </ResourceCompile>
  </ItemGroup>
  <ItemGroup>
    <None Include="resource.hm">
      <Filter>头文件</Filter>
    </None>
  </ItemGroup>
</Project>